
Microsoft Visual Studio Solution File, Format Version 12.00
# Visual Studio Version 17
VisualStudioVersion = 17.7.34221.43
MinimumVisualStudioVersion = 10.0.40219.1
Project("{FAE04EC0-301F-11D3-BF4B-00C04F79EFBC}") = "StringsAndStringBuilder", "StringsAndStringBuilder\StringsAndStringBuilder.csproj", "{3D2E451F-9F56-4725-B216-97DF50D91AD3}"
EndProject
Project("{FAE04EC0-301F-11D3-BF4B-00C04F79EFBC}") = "SummarizingText", "SummarizingText\SummarizingText.csproj", "{237F0364-41EC-417F-8040-15849AB6E166}"
EndProject
Project("{FAE04EC0-301F-11D3-BF4B-00C04F79EFBC}") = "WorkingWithFiles", "WorkingWithFiles\WorkingWithFiles.csproj", "{68A45A04-F269-4633-A4B7-796684F35F0D}"
EndProject
Project("{FAE04EC0-301F-11D3-BF4B-00C04F79EFBC}") = "Classes", "Classes\Classes.csproj", "{43AADB2A-8C53-44F4-A60B-DDB1B8FB3471}"
EndProject
Project("{FAE04EC0-301F-11D3-BF4B-00C04F79EFBC}") = "Contructors", "Contructors\Contructors.csproj", "{F4349455-9928-46BC-B78B-90DF491E8542}"
EndProject
Project("{FAE04EC0-301F-11D3-BF4B-00C04F79EFBC}") = "Methods", "Methods\Methods.csproj", "{1F5415D2-7418-4A9D-BD6F-B6B376EE42B6}"
EndProject
Project("{FAE04EC0-301F-11D3-BF4B-00C04F79EFBC}") = "Fields", "Fields\Fields.csproj", "{F0C19FB8-FA29-42D7-BF37-CE6C9646B2C9}"
EndProject
Project("{FAE04EC0-301F-11D3-BF4B-00C04F79EFBC}") = "AccessModifiers", "AccessModifiers\AccessModifiers.csproj", "{6E71DE87-D846-45B6-BBAF-6EA1A914D61D}"
EndProject
Project("{FAE04EC0-301F-11D3-BF4B-00C04F79EFBC}") = "Properties", "Properties\Properties.csproj", "{267280E7-6D19-4803-B41C-3EBA08A629D7}"
EndProject
Project("{FAE04EC0-301F-11D3-BF4B-00C04F79EFBC}") = "Indexers", "Indexers\Indexers.csproj", "{5E98B138-62C9-4FA8-AD7F-0AC74FBAFCC4}"
EndProject
Project("{FAE04EC0-301F-11D3-BF4B-00C04F79EFBC}") = "Inheritance", "Inheritance\Inheritance.csproj", "{FD0023D7-65DB-4973-8CBD-EE28D31B9811}"
EndProject
Project("{FAE04EC0-301F-11D3-BF4B-00C04F79EFBC}") = "Composition", "Composition\Composition.csproj", "{B79C84A4-6FAD-4ABC-BE95-64CFBA362BD6}"
EndProject
Project("{FAE04EC0-301F-11D3-BF4B-00C04F79EFBC}") = "MethodOverriding", "MethodOverriding\MethodOverriding.csproj", "{AACE23A7-A39C-405C-ACD1-8848788F439D}"
EndProject
Project("{FAE04EC0-301F-11D3-BF4B-00C04F79EFBC}") = "StopWatchTask", "StopWatchTask\StopWatchTask.csproj", "{AF28C42B-8BC7-4960-A7A8-C25F3966CEF4}"
EndProject
Project("{FAE04EC0-301F-11D3-BF4B-00C04F79EFBC}") = "StackTask", "StackTask\StackTask.csproj", "{A03F2F96-105D-410F-959F-93BC5C2784E2}"
EndProject
Project("{FAE04EC0-301F-11D3-BF4B-00C04F79EFBC}") = "Linq", "Linq\Linq.csproj", "{EEB17C2D-2DAB-4D4E-AEB7-31BE8D95A7C3}"
EndProject
Global
	GlobalSection(SolutionConfigurationPlatforms) = preSolution
		Debug|Any CPU = Debug|Any CPU
		Release|Any CPU = Release|Any CPU
	EndGlobalSection
	GlobalSection(ProjectConfigurationPlatforms) = postSolution
		{3D2E451F-9F56-4725-B216-97DF50D91AD3}.Debug|Any CPU.ActiveCfg = Debug|Any CPU
		{3D2E451F-9F56-4725-B216-97DF50D91AD3}.Debug|Any CPU.Build.0 = Debug|Any CPU
		{3D2E451F-9F56-4725-B216-97DF50D91AD3}.Release|Any CPU.ActiveCfg = Release|Any CPU
		{3D2E451F-9F56-4725-B216-97DF50D91AD3}.Release|Any CPU.Build.0 = Release|Any CPU
		{237F0364-41EC-417F-8040-15849AB6E166}.Debug|Any CPU.ActiveCfg = Debug|Any CPU
		{237F0364-41EC-417F-8040-15849AB6E166}.Debug|Any CPU.Build.0 = Debug|Any CPU
		{237F0364-41EC-417F-8040-15849AB6E166}.Release|Any CPU.ActiveCfg = Release|Any CPU
		{237F0364-41EC-417F-8040-15849AB6E166}.Release|Any CPU.Build.0 = Release|Any CPU
		{68A45A04-F269-4633-A4B7-796684F35F0D}.Debug|Any CPU.ActiveCfg = Debug|Any CPU
		{68A45A04-F269-4633-A4B7-796684F35F0D}.Debug|Any CPU.Build.0 = Debug|Any CPU
		{68A45A04-F269-4633-A4B7-796684F35F0D}.Release|Any CPU.ActiveCfg = Release|Any CPU
		{68A45A04-F269-4633-A4B7-796684F35F0D}.Release|Any CPU.Build.0 = Release|Any CPU
		{43AADB2A-8C53-44F4-A60B-DDB1B8FB3471}.Debug|Any CPU.ActiveCfg = Debug|Any CPU
		{43AADB2A-8C53-44F4-A60B-DDB1B8FB3471}.Debug|Any CPU.Build.0 = Debug|Any CPU
		{43AADB2A-8C53-44F4-A60B-DDB1B8FB3471}.Release|Any CPU.ActiveCfg = Release|Any CPU
		{43AADB2A-8C53-44F4-A60B-DDB1B8FB3471}.Release|Any CPU.Build.0 = Release|Any CPU
		{F4349455-9928-46BC-B78B-90DF491E8542}.Debug|Any CPU.ActiveCfg = Debug|Any CPU
		{F4349455-9928-46BC-B78B-90DF491E8542}.Debug|Any CPU.Build.0 = Debug|Any CPU
		{F4349455-9928-46BC-B78B-90DF491E8542}.Release|Any CPU.ActiveCfg = Release|Any CPU
		{F4349455-9928-46BC-B78B-90DF491E8542}.Release|Any CPU.Build.0 = Release|Any CPU
		{1F5415D2-7418-4A9D-BD6F-B6B376EE42B6}.Debug|Any CPU.ActiveCfg = Debug|Any CPU
		{1F5415D2-7418-4A9D-BD6F-B6B376EE42B6}.Debug|Any CPU.Build.0 = Debug|Any CPU
		{1F5415D2-7418-4A9D-BD6F-B6B376EE42B6}.Release|Any CPU.ActiveCfg = Release|Any CPU
		{1F5415D2-7418-4A9D-BD6F-B6B376EE42B6}.Release|Any CPU.Build.0 = Release|Any CPU
		{F0C19FB8-FA29-42D7-BF37-CE6C9646B2C9}.Debug|Any CPU.ActiveCfg = Debug|Any CPU
		{F0C19FB8-FA29-42D7-BF37-CE6C9646B2C9}.Debug|Any CPU.Build.0 = Debug|Any CPU
		{F0C19FB8-FA29-42D7-BF37-CE6C9646B2C9}.Release|Any CPU.ActiveCfg = Release|Any CPU
		{F0C19FB8-FA29-42D7-BF37-CE6C9646B2C9}.Release|Any CPU.Build.0 = Release|Any CPU
		{6E71DE87-D846-45B6-BBAF-6EA1A914D61D}.Debug|Any CPU.ActiveCfg = Debug|Any CPU
		{6E71DE87-D846-45B6-BBAF-6EA1A914D61D}.Debug|Any CPU.Build.0 = Debug|Any CPU
		{6E71DE87-D846-45B6-BBAF-6EA1A914D61D}.Release|Any CPU.ActiveCfg = Release|Any CPU
		{6E71DE87-D846-45B6-BBAF-6EA1A914D61D}.Release|Any CPU.Build.0 = Release|Any CPU
		{267280E7-6D19-4803-B41C-3EBA08A629D7}.Debug|Any CPU.ActiveCfg = Debug|Any CPU
		{267280E7-6D19-4803-B41C-3EBA08A629D7}.Debug|Any CPU.Build.0 = Debug|Any CPU
		{267280E7-6D19-4803-B41C-3EBA08A629D7}.Release|Any CPU.ActiveCfg = Release|Any CPU
		{267280E7-6D19-4803-B41C-3EBA08A629D7}.Release|Any CPU.Build.0 = Release|Any CPU
		{5E98B138-62C9-4FA8-AD7F-0AC74FBAFCC4}.Debug|Any CPU.ActiveCfg = Debug|Any CPU
		{5E98B138-62C9-4FA8-AD7F-0AC74FBAFCC4}.Debug|Any CPU.Build.0 = Debug|Any CPU
		{5E98B138-62C9-4FA8-AD7F-0AC74FBAFCC4}.Release|Any CPU.ActiveCfg = Release|Any CPU
		{5E98B138-62C9-4FA8-AD7F-0AC74FBAFCC4}.Release|Any CPU.Build.0 = Release|Any CPU
		{FD0023D7-65DB-4973-8CBD-EE28D31B9811}.Debug|Any CPU.ActiveCfg = Debug|Any CPU
		{FD0023D7-65DB-4973-8CBD-EE28D31B9811}.Debug|Any CPU.Build.0 = Debug|Any CPU
		{FD0023D7-65DB-4973-8CBD-EE28D31B9811}.Release|Any CPU.ActiveCfg = Release|Any CPU
		{FD0023D7-65DB-4973-8CBD-EE28D31B9811}.Release|Any CPU.Build.0 = Release|Any CPU
		{B79C84A4-6FAD-4ABC-BE95-64CFBA362BD6}.Debug|Any CPU.ActiveCfg = Debug|Any CPU
		{B79C84A4-6FAD-4ABC-BE95-64CFBA362BD6}.Debug|Any CPU.Build.0 = Debug|Any CPU
		{B79C84A4-6FAD-4ABC-BE95-64CFBA362BD6}.Release|Any CPU.ActiveCfg = Release|Any CPU
		{B79C84A4-6FAD-4ABC-BE95-64CFBA362BD6}.Release|Any CPU.Build.0 = Release|Any CPU
		{AACE23A7-A39C-405C-ACD1-8848788F439D}.Debug|Any CPU.ActiveCfg = Debug|Any CPU
		{AACE23A7-A39C-405C-ACD1-8848788F439D}.Debug|Any CPU.Build.0 = Debug|Any CPU
		{AACE23A7-A39C-405C-ACD1-8848788F439D}.Release|Any CPU.ActiveCfg = Release|Any CPU
		{AACE23A7-A39C-405C-ACD1-8848788F439D}.Release|Any CPU.Build.0 = Release|Any CPU
		{AF28C42B-8BC7-4960-A7A8-C25F3966CEF4}.Debug|Any CPU.ActiveCfg = Debug|Any CPU
		{AF28C42B-8BC7-4960-A7A8-C25F3966CEF4}.Debug|Any CPU.Build.0 = Debug|Any CPU
		{AF28C42B-8BC7-4960-A7A8-C25F3966CEF4}.Release|Any CPU.ActiveCfg = Release|Any CPU
		{AF28C42B-8BC7-4960-A7A8-C25F3966CEF4}.Release|Any CPU.Build.0 = Release|Any CPU
		{A03F2F96-105D-410F-959F-93BC5C2784E2}.Debug|Any CPU.ActiveCfg = Debug|Any CPU
		{A03F2F96-105D-410F-959F-93BC5C2784E2}.Debug|Any CPU.Build.0 = Debug|Any CPU
		{A03F2F96-105D-410F-959F-93BC5C2784E2}.Release|Any CPU.ActiveCfg = Release|Any CPU
		{A03F2F96-105D-410F-959F-93BC5C2784E2}.Release|Any CPU.Build.0 = Release|Any CPU
		{EEB17C2D-2DAB-4D4E-AEB7-31BE8D95A7C3}.Debug|Any CPU.ActiveCfg = Debug|Any CPU
		{EEB17C2D-2DAB-4D4E-AEB7-31BE8D95A7C3}.Debug|Any CPU.Build.0 = Debug|Any CPU
		{EEB17C2D-2DAB-4D4E-AEB7-31BE8D95A7C3}.Release|Any CPU.ActiveCfg = Release|Any CPU
		{EEB17C2D-2DAB-4D4E-AEB7-31BE8D95A7C3}.Release|Any CPU.Build.0 = Release|Any CPU
	EndGlobalSection
	GlobalSection(SolutionProperties) = preSolution
		HideSolutionNode = FALSE
	EndGlobalSection
	GlobalSection(ExtensibilityGlobals) = postSolution
		SolutionGuid = {5376E56F-8DAC-4DFA-9224-9BD445A4E2CA}
	EndGlobalSection
EndGlobal
